// !$*UTF8*$!
{
	archiveVersion = 1;
	classes = {
	};
	objectVersion = 51;
	objects = {

/* Begin PBXBuildFile section */
		1812C0C823B7A9CA0097AC08 /* AppDelegate.m in Sources */ = {isa = PBXBuildFile; fileRef = 1812C0C723B7A9CA0097AC08 /* AppDelegate.m */; };
		1812C0CE23B7A9CA0097AC08 /* ViewController.m in Sources */ = {isa = PBXBuildFile; fileRef = 1812C0CD23B7A9CA0097AC08 /* ViewController.m */; };
		1812C0D123B7A9CA0097AC08 /* Main.storyboard in Resources */ = {isa = PBXBuildFile; fileRef = 1812C0CF23B7A9CA0097AC08 /* Main.storyboard */; };
		1812C0D323B7A9CD0097AC08 /* Assets.xcassets in Resources */ = {isa = PBXBuildFile; fileRef = 1812C0D223B7A9CD0097AC08 /* Assets.xcassets */; };
		1812C0D623B7A9CD0097AC08 /* LaunchScreen.storyboard in Resources */ = {isa = PBXBuildFile; fileRef = 1812C0D423B7A9CD0097AC08 /* LaunchScreen.storyboard */; };
		1812C0D923B7A9CD0097AC08 /* main.m in Sources */ = {isa = PBXBuildFile; fileRef = 1812C0D823B7A9CD0097AC08 /* main.m */; };
		184DF3D523B88EF50072EE14 /* DirTabViewController.m in Sources */ = {isa = PBXBuildFile; fileRef = 184DF3D423B88EF50072EE14 /* DirTabViewController.m */; };
		184DF3D823B88F190072EE14 /* DirTabBar.m in Sources */ = {isa = PBXBuildFile; fileRef = 184DF3D723B88F190072EE14 /* DirTabBar.m */; };
		5FF0FF12A7C99C8B15EDB56B /* libPods-DirectSeeding.a in Frameworks */ = {isa = PBXBuildFile; fileRef = 3A60840DAF4FD89EC98C318A /* libPods-DirectSeeding.a */; };
/* End PBXBuildFile section */

/* Begin PBXFileReference section */
		1812C0C323B7A9CA0097AC08 /* DirectSeeding.app */ = {isa = PBXFileReference; explicitFileType = wrapper.application; includeInIndex = 0; path = DirectSeeding.app; sourceTree = BUILT_PRODUCTS_DIR; };
		1812C0C623B7A9CA0097AC08 /* AppDelegate.h */ = {isa = PBXFileReference; lastKnownFileType = sourcecode.c.h; path = AppDelegate.h; sourceTree = "<group>"; };
		1812C0C723B7A9CA0097AC08 /* AppDelegate.m */ = {isa = PBXFileReference; lastKnownFileType = sourcecode.c.objc; path = AppDelegate.m; sourceTree = "<group>"; };
		1812C0CC23B7A9CA0097AC08 /* ViewController.h */ = {isa = PBXFileReference; lastKnownFileType = sourcecode.c.h; path = ViewController.h; sourceTree = "<group>"; };
		1812C0CD23B7A9CA0097AC08 /* ViewController.m */ = {isa = PBXFileReference; lastKnownFileType = sourcecode.c.objc; path = ViewController.m; sourceTree = "<group>"; };
		1812C0D023B7A9CA0097AC08 /* Base */ = {isa = PBXFileReference; lastKnownFileType = file.storyboard; name = Base; path = Base.lproj/Main.storyboard; sourceTree = "<group>"; };
		1812C0D223B7A9CD0097AC08 /* Assets.xcassets */ = {isa = PBXFileReference; lastKnownFileType = folder.assetcatalog; path = Assets.xcassets; sourceTree = "<group>"; };
		1812C0D523B7A9CD0097AC08 /* Base */ = {isa = PBXFileReference; lastKnownFileType = file.storyboard; name = Base; path = Base.lproj/LaunchScreen.storyboard; sourceTree = "<group>"; };
		1812C0D723B7A9CD0097AC08 /* Info.plist */ = {isa = PBXFileReference; lastKnownFileType = text.plist.xml; path = Info.plist; sourceTree = "<group>"; };
		1812C0D823B7A9CD0097AC08 /* main.m */ = {isa = PBXFileReference; lastKnownFileType = sourcecode.c.objc; path = main.m; sourceTree = "<group>"; };
		184DF3D323B88EF50072EE14 /* DirTabViewController.h */ = {isa = PBXFileReference; lastKnownFileType = sourcecode.c.h; path = DirTabViewController.h; sourceTree = "<group>"; };
		184DF3D423B88EF50072EE14 /* DirTabViewController.m */ = {isa = PBXFileReference; lastKnownFileType = sourcecode.c.objc; path = DirTabViewController.m; sourceTree = "<group>"; };
		184DF3D623B88F190072EE14 /* DirTabBar.h */ = {isa = PBXFileReference; lastKnownFileType = sourcecode.c.h; path = DirTabBar.h; sourceTree = "<group>"; };
		184DF3D723B88F190072EE14 /* DirTabBar.m */ = {isa = PBXFileReference; lastKnownFileType = sourcecode.c.objc; path = DirTabBar.m; sourceTree = "<group>"; };
		184DF3D923B8FE3B0072EE14 /* DirectSeedingPch.h */ = {isa = PBXFileReference; lastKnownFileType = sourcecode.c.h; path = DirectSeedingPch.h; sourceTree = "<group>"; };
		3A60840DAF4FD89EC98C318A /* libPods-DirectSeeding.a */ = {isa = PBXFileReference; explicitFileType = archive.ar; includeInIndex = 0; path = "libPods-DirectSeeding.a"; sourceTree = BUILT_PRODUCTS_DIR; };
		8DD96176FCE1A150D34D3917 /* Pods-DirectSeeding.debug.xcconfig */ = {isa = PBXFileReference; includeInIndex = 1; lastKnownFileType = text.xcconfig; name = "Pods-DirectSeeding.debug.xcconfig"; path = "Target Support Files/Pods-DirectSeeding/Pods-DirectSeeding.debug.xcconfig"; sourceTree = "<group>"; };
		949C820017DA25EB376AE321 /* Pods-DirectSeeding.release.xcconfig */ = {isa = PBXFileReference; includeInIndex = 1; lastKnownFileType = text.xcconfig; name = "Pods-DirectSeeding.release.xcconfig"; path = "Target Support Files/Pods-DirectSeeding/Pods-DirectSeeding.release.xcconfig"; sourceTree = "<group>"; };
/* End PBXFileReference section */

/* Begin PBXFrameworksBuildPhase section */
		1812C0C023B7A9CA0097AC08 /* Frameworks */ = {
			isa = PBXFrameworksBuildPhase;
			buildActionMask = 2147483647;
			files = (
				5FF0FF12A7C99C8B15EDB56B /* libPods-DirectSeeding.a in Frameworks */,
			);
			runOnlyForDeploymentPostprocessing = 0;
		};
/* End PBXFrameworksBuildPhase section */

/* Begin PBXGroup section */
		1812C0BA23B7A9CA0097AC08 = {
			isa = PBXGroup;
			children = (
				1812C0C523B7A9CA0097AC08 /* DirectSeeding */,
				1812C0C423B7A9CA0097AC08 /* Products */,
				E0A8DB232A6CA85C33DAA215 /* Pods */,
				63868F3ED36F3F365B23CDDF /* Frameworks */,
			);
			sourceTree = "<group>";
		};
		1812C0C423B7A9CA0097AC08 /* Products */ = {
			isa = PBXGroup;
			children = (
				1812C0C323B7A9CA0097AC08 /* DirectSeeding.app */,
			);
			name = Products;
			sourceTree = "<group>";
		};
		1812C0C523B7A9CA0097AC08 /* DirectSeeding */ = {
			isa = PBXGroup;
			children = (
				184DF3DA23B8FF250072EE14 /* Live */,
				184DF3D223B88EB50072EE14 /* Base */,
				1812C0C623B7A9CA0097AC08 /* AppDelegate.h */,
				1812C0C723B7A9CA0097AC08 /* AppDelegate.m */,
				1812C0CC23B7A9CA0097AC08 /* ViewController.h */,
				1812C0CD23B7A9CA0097AC08 /* ViewController.m */,
				1812C0CF23B7A9CA0097AC08 /* Main.storyboard */,
				1812C0D223B7A9CD0097AC08 /* Assets.xcassets */,
				1812C0D423B7A9CD0097AC08 /* LaunchScreen.storyboard */,
				1812C0D723B7A9CD0097AC08 /* Info.plist */,
				1812C0D823B7A9CD0097AC08 /* main.m */,
				184DF3D923B8FE3B0072EE14 /* DirectSeedingPch.h */,
			);
			path = DirectSeeding;
			sourceTree = "<group>";
		};
		184DF3D223B88EB50072EE14 /* Base */ = {
			isa = PBXGroup;
			children = (
				184DF3D323B88EF50072EE14 /* DirTabViewController.h */,
				184DF3D423B88EF50072EE14 /* DirTabViewController.m */,
				184DF3D623B88F190072EE14 /* DirTabBar.h */,
				184DF3D723B88F190072EE14 /* DirTabBar.m */,
			);
			path = Base;
			sourceTree = "<group>";
		};
		184DF3DA23B8FF250072EE14 /* Live */ = {
			isa = PBXGroup;
			children = (
				184DF3DD23B8FF530072EE14 /* Views */,
				184DF3DC23B8FF420072EE14 /* ViewControllers */,
				184DF3DB23B8FF350072EE14 /* Models */,
			);
			path = Live;
			sourceTree = "<group>";
		};
		184DF3DB23B8FF350072EE14 /* Models */ = {
			isa = PBXGroup;
			children = (
			);
			path = Models;
			sourceTree = "<group>";
		};
		184DF3DC23B8FF420072EE14 /* ViewControllers */ = {
			isa = PBXGroup;
			children = (
			);
			path = ViewControllers;
			sourceTree = "<group>";
		};
		184DF3DD23B8FF530072EE14 /* Views */ = {
			isa = PBXGroup;
			children = (
			);
			path = Views;
			sourceTree = "<group>";
		};
		63868F3ED36F3F365B23CDDF /* Frameworks */ = {
			isa = PBXGroup;
			children = (
				3A60840DAF4FD89EC98C318A /* libPods-DirectSeeding.a */,
			);
			name = Frameworks;
			sourceTree = "<group>";
		};
		E0A8DB232A6CA85C33DAA215 /* Pods */ = {
			isa = PBXGroup;
			children = (
				8DD96176FCE1A150D34D3917 /* Pods-DirectSeeding.debug.xcconfig */,
				949C820017DA25EB376AE321 /* Pods-DirectSeeding.release.xcconfig */,
			);
			path = Pods;
			sourceTree = "<group>";
		};
/* End PBXGroup section */

/* Begin PBXNativeTarget section */
		1812C0C223B7A9CA0097AC08 /* DirectSeeding */ = {
			isa = PBXNativeTarget;
			buildConfigurationList = 1812C0DC23B7A9CD0097AC08 /* Build configuration list for PBXNativeTarget "DirectSeeding" */;
			buildPhases = (
				71741F5AE51367DDFD1AE457 /* [CP] Check Pods Manifest.lock */,
				1812C0BF23B7A9CA0097AC08 /* Sources */,
				1812C0C023B7A9CA0097AC08 /* Frameworks */,
				1812C0C123B7A9CA0097AC08 /* Resources */,
				43AAEEAB8B6F6F731DBF323E /* [CP] Copy Pods Resources */,
			);
			buildRules = (
			);
			dependencies = (
			);
			name = DirectSeeding;
			productName = DirectSeeding;
			productReference = 1812C0C323B7A9CA0097AC08 /* DirectSeeding.app */;
			productType = "com.apple.product-type.application";
		};
/* End PBXNativeTarget section */

/* Begin PBXProject section */
		1812C0BB23B7A9CA0097AC08 /* Project object */ = {
			isa = PBXProject;
			attributes = {
				LastUpgradeCheck = 1100;
				ORGANIZATIONNAME = apple;
				TargetAttributes = {
					1812C0C223B7A9CA0097AC08 = {
						CreatedOnToolsVersion = 11.0;
					};
				};
			};
			buildConfigurationList = 1812C0BE23B7A9CA0097AC08 /* Build configuration list for PBXProject "DirectSeeding" */;
			compatibilityVersion = "Xcode 9.3";
			developmentRegion = en;
			hasScannedForEncodings = 0;
			knownRegions = (
				en,
				Base,
			);
			mainGroup = 1812C0BA23B7A9CA0097AC08;
			productRefGroup = 1812C0C423B7A9CA0097AC08 /* Products */;
			projectDirPath = "";
			projectRoot = "";
			targets = (
				1812C0C223B7A9CA0097AC08 /* DirectSeeding */,
			);
		};
/* End PBXProject section */

/* Begin PBXResourcesBuildPhase section */
		1812C0C123B7A9CA0097AC08 /* Resources */ = {
			isa = PBXResourcesBuildPhase;
			buildActionMask = 2147483647;
			files = (
				1812C0D623B7A9CD0097AC08 /* LaunchScreen.storyboard in Resources */,
				1812C0D323B7A9CD0097AC08 /* Assets.xcassets in Resources */,
				1812C0D123B7A9CA0097AC08 /* Main.storyboard in Resources */,
			);
			runOnlyForDeploymentPostprocessing = 0;
		};
/* End PBXResourcesBuildPhase section */

/* Begin PBXShellScriptBuildPhase section */
		43AAEEAB8B6F6F731DBF323E /* [CP] Copy Pods Resources */ = {
			isa = PBXShellScriptBuildPhase;
			buildActionMask = 2147483647;
			files = (
			);
			inputFileListPaths = (
				"${PODS_ROOT}/Target Support Files/Pods-DirectSeeding/Pods-DirectSeeding-resources-${CONFIGURATION}-input-files.xcfilelist",
			);
			name = "[CP] Copy Pods Resources";
			outputFileListPaths = (
				"${PODS_ROOT}/Target Support Files/Pods-DirectSeeding/Pods-DirectSeeding-resources-${CONFIGURATION}-output-files.xcfilelist",
			);
			runOnlyForDeploymentPostprocessing = 0;
			shellPath = /bin/sh;
			shellScript = "\"${PODS_ROOT}/Target Support Files/Pods-DirectSeeding/Pods-DirectSeeding-resources.sh\"\n";
			showEnvVarsInLog = 0;
		};
		71741F5AE51367DDFD1AE457 /* [CP] Check Pods Manifest.lock */ = {
			isa = PBXShellScriptBuildPhase;
			buildActionMask = 2147483647;
			files = (
			);
			inputFileListPaths = (
			);
			inputPaths = (
				"${PODS_PODFILE_DIR_PATH}/Podfile.lock",
				"${PODS_ROOT}/Manifest.lock",
			);
			name = "[CP] Check Pods Manifest.lock";
			outputFileListPaths = (
			);
			outputPaths = (
				"$(DERIVED_FILE_DIR)/Pods-DirectSeeding-checkManifestLockResult.txt",
			);
			runOnlyForDeploymentPostprocessing = 0;
			shellPath = /bin/sh;
			shellScript = "diff \"${PODS_PODFILE_DIR_PATH}/Podfile.lock\" \"${PODS_ROOT}/Manifest.lock\" > /dev/null\nif [ $? != 0 ] ; then\n    # print error to STDERR\n    echo \"error: The sandbox is not in sync with the Podfile.lock. Run 'pod install' or update your CocoaPods installation.\" >&2\n    exit 1\nfi\n# This output is used by Xcode 'outputs' to avoid re-running this script phase.\necho \"SUCCESS\" > \"${SCRIPT_OUTPUT_FILE_0}\"\n";
			showEnvVarsInLog = 0;
		};
/* End PBXShellScriptBuildPhase section */

/* Begin PBXSourcesBuildPhase section */
		1812C0BF23B7A9CA0097AC08 /* Sources */ = {
			isa = PBXSourcesBuildPhase;
			buildActionMask = 2147483647;
			files = (
				1812C0CE23B7A9CA0097AC08 /* ViewController.m in Sources */,
				1812C0C823B7A9CA0097AC08 /* AppDelegate.m in Sources */,
				184DF3D523B88EF50072EE14 /* DirTabViewController.m in Sources */,
				1812C0D923B7A9CD0097AC08 /* main.m in Sources */,
				184DF3D823B88F190072EE14 /* DirTabBar.m in Sources */,
			);
			runOnlyForDeploymentPostprocessing = 0;
		};
/* End PBXSourcesBuildPhase section */

/* Begin PBXVariantGroup section */
		1812C0CF23B7A9CA0097AC08 /* Main.storyboard */ = {
			isa = PBXVariantGroup;
			children = (
				1812C0D023B7A9CA0097AC08 /* Base */,
			);
			name = Main.storyboard;
			sourceTree = "<group>";
		};
		1812C0D423B7A9CD0097AC08 /* LaunchScreen.storyboard */ = {
			isa = PBXVariantGroup;
			children = (
				1812C0D523B7A9CD0097AC08 /* Base */,
			);
			name = LaunchScreen.storyboard;
			sourceTree = "<group>";
		};
/* End PBXVariantGroup section */

/* Begin XCBuildConfiguration section */
		1812C0DA23B7A9CD0097AC08 /* Debug */ = {
			isa = XCBuildConfiguration;
			buildSettings = {
				ALWAYS_SEARCH_USER_PATHS = NO;
				CLANG_ANALYZER_NONNULL = YES;
				CLANG_ANALYZER_NUMBER_OBJECT_CONVERSION = YES_AGGRESSIVE;
				CLANG_CXX_LANGUAGE_STANDARD = "gnu++14";
				CLANG_CXX_LIBRARY = "libc++";
				CLANG_ENABLE_MODULES = YES;
				CLANG_ENABLE_OBJC_ARC = YES;
				CLANG_ENABLE_OBJC_WEAK = YES;
				CLANG_WARN_BLOCK_CAPTURE_AUTORELEASING = YES;
				CLANG_WARN_BOOL_CONVERSION = YES;
				CLANG_WARN_COMMA = YES;
				CLANG_WARN_CONSTANT_CONVERSION = YES;
				CLANG_WARN_DEPRECATED_OBJC_IMPLEMENTATIONS = YES;
				CLANG_WARN_DIRECT_OBJC_ISA_USAGE = YES_ERROR;
				CLANG_WARN_DOCUMENTATION_COMMENTS = YES;
				CLANG_WARN_EMPTY_BODY = YES;
				CLANG_WARN_ENUM_CONVERSION = YES;
				CLANG_WARN_INFINITE_RECURSION = YES;
				CLANG_WARN_INT_CONVERSION = YES;
				CLANG_WARN_NON_LITERAL_NULL_CONVERSION = YES;
				CLANG_WARN_OBJC_IMPLICIT_RETAIN_SELF = YES;
				CLANG_WARN_OBJC_LITERAL_CONVERSION = YES;
				CLANG_WARN_OBJC_ROOT_CLASS = YES_ERROR;
				CLANG_WARN_RANGE_LOOP_ANALYSIS = YES;
				CLANG_WARN_STRICT_PROTOTYPES = YES;
				CLANG_WARN_SUSPICIOUS_MOVE = YES;
				CLANG_WARN_UNGUARDED_AVAILABILITY = YES_AGGRESSIVE;
				CLANG_WARN_UNREACHABLE_CODE = YES;
				CLANG_WARN__DUPLICATE_METHOD_MATCH = YES;
				COPY_PHASE_STRIP = NO;
				DEBUG_INFORMATION_FORMAT = dwarf;
				ENABLE_STRICT_OBJC_MSGSEND = YES;
				ENABLE_TESTABILITY = YES;
				GCC_C_LANGUAGE_STANDARD = gnu11;
				GCC_DYNAMIC_NO_PIC = NO;
				GCC_NO_COMMON_BLOCKS = YES;
				GCC_OPTIMIZATION_LEVEL = 0;
				GCC_PREPROCESSOR_DEFINITIONS = (
					"DEBUG=1",
					"$(inherited)",
				);
				GCC_WARN_64_TO_32_BIT_CONVERSION = YES;
				GCC_WARN_ABOUT_RETURN_TYPE = YES_ERROR;
				GCC_WARN_UNDECLARED_SELECTOR = YES;
				GCC_WARN_UNINITIALIZED_AUTOS = YES_AGGRESSIVE;
				GCC_WARN_UNUSED_FUNCTION = YES;
				GCC_WARN_UNUSED_VARIABLE = YES;
				IPHONEOS_DEPLOYMENT_TARGET = 13.0;
				MTL_ENABLE_DEBUG_INFO = INCLUDE_SOURCE;
				MTL_FAST_MATH = YES;
				ONLY_ACTIVE_ARCH = YES;
				SDKROOT = iphoneos;
			};
			name = Debug;
		};
		1812C0DB23B7A9CD0097AC08 /* Release */ = {
			isa = XCBuildConfiguration;
			buildSettings = {
				ALWAYS_SEARCH_USER_PATHS = NO;
				CLANG_ANALYZER_NONNULL = YES;
				CLANG_ANALYZER_NUMBER_OBJECT_CONVERSION = YES_AGGRESSIVE;
				CLANG_CXX_LANGUAGE_STANDARD = "gnu++14";
				CLANG_CXX_LIBRARY = "libc++";
				CLANG_ENABLE_MODULES = YES;
				CLANG_ENABLE_OBJC_ARC = YES;
				CLANG_ENABLE_OBJC_WEAK = YES;
				CLANG_WARN_BLOCK_CAPTURE_AUTORELEASING = YES;
				CLANG_WARN_BOOL_CONVERSION = YES;
				CLANG_WARN_COMMA = YES;
				CLANG_WARN_CONSTANT_CONVERSION = YES;
				CLANG_WARN_DEPRECATED_OBJC_IMPLEMENTATIONS = YES;
				CLANG_WARN_DIRECT_OBJC_ISA_USAGE = YES_ERROR;
				CLANG_WARN_DOCUMENTATION_COMMENTS = YES;
				CLANG_WARN_EMPTY_BODY = YES;
				CLANG_WARN_ENUM_CONVERSION = YES;
				CLANG_WARN_INFINITE_RECURSION = YES;
				CLANG_WARN_INT_CONVERSION = YES;
				CLANG_WARN_NON_LITERAL_NULL_CONVERSION = YES;
				CLANG_WARN_OBJC_IMPLICIT_RETAIN_SELF = YES;
				CLANG_WARN_OBJC_LITERAL_CONVERSION = YES;
				CLANG_WARN_OBJC_ROOT_CLASS = YES_ERROR;
				CLANG_WARN_RANGE_LOOP_ANALYSIS = YES;
				CLANG_WARN_STRICT_PROTOTYPES = YES;
				CLANG_WARN_SUSPICIOUS_MOVE = YES;
				CLANG_WARN_UNGUARDED_AVAILABILITY = YES_AGGRESSIVE;
				CLANG_WARN_UNREACHABLE_CODE = YES;
				CLANG_WARN__DUPLICATE_METHOD_MATCH = YES;
				COPY_PHASE_STRIP = NO;
				DEBUG_INFORMATION_FORMAT = "dwarf-with-dsym";
				ENABLE_NS_ASSERTIONS = NO;
				ENABLE_STRICT_OBJC_MSGSEND = YES;
				GCC_C_LANGUAGE_STANDARD = gnu11;
				GCC_NO_COMMON_BLOCKS = YES;
				GCC_WARN_64_TO_32_BIT_CONVERSION = YES;
				GCC_WARN_ABOUT_RETURN_TYPE = YES_ERROR;
				GCC_WARN_UNDECLARED_SELECTOR = YES;
				GCC_WARN_UNINITIALIZED_AUTOS = YES_AGGRESSIVE;
				GCC_WARN_UNUSED_FUNCTION = YES;
				GCC_WARN_UNUSED_VARIABLE = YES;
				IPHONEOS_DEPLOYMENT_TARGET = 13.0;
				MTL_ENABLE_DEBUG_INFO = NO;
				MTL_FAST_MATH = YES;
				SDKROOT = iphoneos;
				VALIDATE_PRODUCT = YES;
			};
			name = Release;
		};
		1812C0DD23B7A9CD0097AC08 /* Debug */ = {
			isa = XCBuildConfiguration;
			baseConfigurationReference = 8DD96176FCE1A150D34D3917 /* Pods-DirectSeeding.debug.xcconfig */;
			buildSettings = {
				ASSETCATALOG_COMPILER_APPICON_NAME = AppIcon;
				CODE_SIGN_STYLE = Automatic;
				DEVELOPMENT_TEAM = 3APBUBBXB2;
				INFOPLIST_FILE = DirectSeeding/Info.plist;
				LD_RUNPATH_SEARCH_PATHS = (
					"$(inherited)",
					"@executable_path/Frameworks",
				);
				PRODUCT_BUNDLE_IDENTIFIER = yangyongfeng.DirectSeeding;
				PRODUCT_NAME = "$(TARGET_NAME)";
				TARGETED_DEVICE_FAMILY = "1,2";
			};
			name = Debug;
		};
		1812C0DE23B7A9CD0097AC08 /* Release */ = {
			isa = XCBuildConfiguration;
			baseConfigurationReference = 949C820017DA25EB376AE321 /* Pods-DirectSeeding.release.xcconfig */;
			buildSettings = {
				ASSETCATALOG_COMPILER_APPICON_NAME = AppIcon;
				CODE_SIGN_STYLE = Automatic;
				DEVELOPMENT_TEAM = 3APBUBBXB2;
				INFOPLIST_FILE = DirectSeeding/Info.plist;
				LD_RUNPATH_SEARCH_PATHS = (
					"$(inherited)",
					"@executable_path/Frameworks",
				);
				PRODUCT_BUNDLE_IDENTIFIER = yangyongfeng.DirectSeeding;
				PRODUCT_NAME = "$(TARGET_NAME)";
				TARGETED_DEVICE_FAMILY = "1,2";
			};
			name = Release;
		};
/* End XCBuildConfiguration section */

/* Begin XCConfigurationList section */
		1812C0BE23B7A9CA0097AC08 /* Build configuration list for PBXProject "DirectSeeding" */ = {
			isa = XCConfigurationList;
			buildConfigurations = (
				1812C0DA23B7A9CD0097AC08 /* Debug */,
				1812C0DB23B7A9CD0097AC08 /* Release */,
			);
			defaultConfigurationIsVisible = 0;
			defaultConfigurationName = Release;
		};
		1812C0DC23B7A9CD0097AC08 /* Build configuration list for PBXNativeTarget "DirectSeeding" */ = {
			isa = XCConfigurationList;
			buildConfigurations = (
				1812C0DD23B7A9CD0097AC08 /* Debug */,
				1812C0DE23B7A9CD0097AC08 /* Release */,
			);
			defaultConfigurationIsVisible = 0;
			defaultConfigurationName = Release;
		};
/* End XCConfigurationList section */
	};
	rootObject = 1812C0BB23B7A9CA0097AC08 /* Project object */;
}
